// !$*UTF8*$!
{
	archiveVersion = 1;
	classes = {
	};
	objectVersion = 50;
	objects = {

/* Begin PBXBuildFile section */
		F8A81EAA251922E5006C8511 /* AppDelegate.swift in Sources */ = {isa = PBXBuildFile; fileRef = F8A81EA9251922E5006C8511 /* AppDelegate.swift */; };
		F8A81EAC251922E5006C8511 /* SceneDelegate.swift in Sources */ = {isa = PBXBuildFile; fileRef = F8A81EAB251922E5006C8511 /* SceneDelegate.swift */; };
		F8A81EAE251922E5006C8511 /* ViewController.swift in Sources */ = {isa = PBXBuildFile; fileRef = F8A81EAD251922E5006C8511 /* ViewController.swift */; };
		F8A81EB1251922E5006C8511 /* Main.storyboard in Resources */ = {isa = PBXBuildFile; fileRef = F8A81EAF251922E5006C8511 /* Main.storyboard */; };
		F8A81EB3251922E7006C8511 /* Assets.xcassets in Resources */ = {isa = PBXBuildFile; fileRef = F8A81EB2251922E7006C8511 /* Assets.xcassets */; };
		F8A81EB6251922E7006C8511 /* LaunchScreen.storyboard in Resources */ = {isa = PBXBuildFile; fileRef = F8A81EB4251922E7006C8511 /* LaunchScreen.storyboard */; };
/* End PBXBuildFile section */

/* Begin PBXFileReference section */
		F8A81EA6251922E5006C8511 /* RxSwiftMVVMLoginValidator.app */ = {isa = PBXFileReference; explicitFileType = wrapper.application; includeInIndex = 0; path = RxSwiftMVVMLoginValidator.app; sourceTree = BUILT_PRODUCTS_DIR; };
		F8A81EA9251922E5006C8511 /* AppDelegate.swift */ = {isa = PBXFileReference; lastKnownFileType = sourcecode.swift; path = AppDelegate.swift; sourceTree = "<group>"; };
		F8A81EAB251922E5006C8511 /* SceneDelegate.swift */ = {isa = PBXFileReference; lastKnownFileType = sourcecode.swift; path = SceneDelegate.swift; sourceTree = "<group>"; };
		F8A81EAD251922E5006C8511 /* ViewController.swift */ = {isa = PBXFileReference; lastKnownFileType = sourcecode.swift; path = ViewController.swift; sourceTree = "<group>"; };
		F8A81EB0251922E5006C8511 /* Base */ = {isa = PBXFileReference; lastKnownFileType = file.storyboard; name = Base; path = Base.lproj/Main.storyboard; sourceTree = "<group>"; };
		F8A81EB2251922E7006C8511 /* Assets.xcassets */ = {isa = PBXFileReference; lastKnownFileType = folder.assetcatalog; path = Assets.xcassets; sourceTree = "<group>"; };
		F8A81EB5251922E7006C8511 /* Base */ = {isa = PBXFileReference; lastKnownFileType = file.storyboard; name = Base; path = Base.lproj/LaunchScreen.storyboard; sourceTree = "<group>"; };
		F8A81EB7251922E7006C8511 /* Info.plist */ = {isa = PBXFileReference; lastKnownFileType = text.plist.xml; path = Info.plist; sourceTree = "<group>"; };
/* End PBXFileReference section */

/* Begin PBXFrameworksBuildPhase section */
		F8A81EA3251922E5006C8511 /* Frameworks */ = {
			isa = PBXFrameworksBuildPhase;
			buildActionMask = 2147483647;
			files = (
			);
			runOnlyForDeploymentPostprocessing = 0;
		};
/* End PBXFrameworksBuildPhase section */

/* Begin PBXGroup section */
		F8A81E9D251922E5006C8511 = {
			isa = PBXGroup;
			children = (
				F8A81EA8251922E5006C8511 /* RxSwiftMVVMLoginValidator */,
				F8A81EA7251922E5006C8511 /* Products */,
			);
			sourceTree = "<group>";
		};
		F8A81EA7251922E5006C8511 /* Products */ = {
			isa = PBXGroup;
			children = (
				F8A81EA6251922E5006C8511 /* RxSwiftMVVMLoginValidator.app */,
			);
			name = Products;
			sourceTree = "<group>";
		};
		F8A81EA8251922E5006C8511 /* RxSwiftMVVMLoginValidator */ = {
			isa = PBXGroup;
			children = (
				F8A81EA9251922E5006C8511 /* AppDelegate.swift */,
				F8A81EAB251922E5006C8511 /* SceneDelegate.swift */,
				F8A81EAD251922E5006C8511 /* ViewController.swift */,
				F8A81EAF251922E5006C8511 /* Main.storyboard */,
				F8A81EB2251922E7006C8511 /* Assets.xcassets */,
				F8A81EB4251922E7006C8511 /* LaunchScreen.storyboard */,
				F8A81EB7251922E7006C8511 /* Info.plist */,
			);
			path = RxSwiftMVVMLoginValidator;
			sourceTree = "<group>";
		};
/* End PBXGroup section */

/* Begin PBXNativeTarget section */
		F8A81EA5251922E5006C8511 /* RxSwiftMVVMLoginValidator */ = {
			isa = PBXNativeTarget;
			buildConfigurationList = F8A81EBA251922E7006C8511 /* Build configuration list for PBXNativeTarget "RxSwiftMVVMLoginValidator" */;
			buildPhases = (
				F8A81EA2251922E5006C8511 /* Sources */,
				F8A81EA3251922E5006C8511 /* Frameworks */,
				F8A81EA4251922E5006C8511 /* Resources */,
			);
			buildRules = (
			);
			dependencies = (
			);
			name = RxSwiftMVVMLoginValidator;
			productName = RxSwiftMVVMLoginValidator;
			productReference = F8A81EA6251922E5006C8511 /* RxSwiftMVVMLoginValidator.app */;
			productType = "com.apple.product-type.application";
		};
/* End PBXNativeTarget section */

/* Begin PBXProject section */
		F8A81E9E251922E5006C8511 /* Project object */ = {
			isa = PBXProject;
			attributes = {
				LastSwiftUpdateCheck = 1200;
				LastUpgradeCheck = 1200;
				TargetAttributes = {
					F8A81EA5251922E5006C8511 = {
						CreatedOnToolsVersion = 12.0;
					};
				};
			};
			buildConfigurationList = F8A81EA1251922E5006C8511 /* Build configuration list for PBXProject "RxSwiftMVVMLoginValidator" */;
			compatibilityVersion = "Xcode 9.3";
			developmentRegion = en;
			hasScannedForEncodings = 0;
			knownRegions = (
				en,
				Base,
			);
			mainGroup = F8A81E9D251922E5006C8511;
			productRefGroup = F8A81EA7251922E5006C8511 /* Products */;
			projectDirPath = "";
			projectRoot = "";
			targets = (
				F8A81EA5251922E5006C8511 /* RxSwiftMVVMLoginValidator */,
			);
		};
/* End PBXProject section */

/* Begin PBXResourcesBuildPhase section */
		F8A81EA4251922E5006C8511 /* Resources */ = {
			isa = PBXResourcesBuildPhase;
			buildActionMask = 2147483647;
			files = (
				F8A81EB6251922E7006C8511 /* LaunchScreen.storyboard in Resources */,
				F8A81EB3251922E7006C8511 /* Assets.xcassets in Resources */,
				F8A81EB1251922E5006C8511 /* Main.storyboard in Resources */,
			);
			runOnlyForDeploymentPostprocessing = 0;
		};
/* End PBXResourcesBuildPhase section */

/* Begin PBXSourcesBuildPhase section */
		F8A81EA2251922E5006C8511 /* Sources */ = {
			isa = PBXSourcesBuildPhase;
			buildActionMask = 2147483647;
			files = (
				F8A81EAE251922E5006C8511 /* ViewController.swift in Sources */,
				F8A81EAA251922E5006C8511 /* AppDelegate.swift in Sources */,
				F8A81EAC251922E5006C8511 /* SceneDelegate.swift in Sources */,
			);
			runOnlyForDeploymentPostprocessing = 0;
		};
/* End PBXSourcesBuildPhase section */

/* Begin PBXVariantGroup section */
		F8A81EAF251922E5006C8511 /* Main.storyboard */ = {
			isa = PBXVariantGroup;
			children = (
				F8A81EB0251922E5006C8511 /* Base */,
			);
			name = Main.storyboard;
			sourceTree = "<group>";
		};
		F8A81EB4251922E7006C8511 /* LaunchScreen.storyboard */ = {
			isa = PBXVariantGroup;
			children = (
				F8A81EB5251922E7006C8511 /* Base */,
			);
			name = LaunchScreen.storyboard;
			sourceTree = "<group>";
		};
/* End PBXVariantGroup section */

/* Begin XCBuildConfiguration section */
		F8A81EB8251922E7006C8511 /* Debug */ = {
			isa = XCBuildConfiguration;
			buildSettings = {
				ALWAYS_SEARCH_USER_PATHS = NO;
				CLANG_ANALYZER_NONNULL = YES;
				CLANG_ANALYZER_NUMBER_OBJECT_CONVERSION = YES_AGGRESSIVE;
				CLANG_CXX_LANGUAGE_STANDARD = "gnu++14";
				CLANG_CXX_LIBRARY = "libc++";
				CLANG_ENABLE_MODULES = YES;
				CLANG_ENABLE_OBJC_ARC = YES;
				CLANG_ENABLE_OBJC_WEAK = YES;
				CLANG_WARN_BLOCK_CAPTURE_AUTORELEASING = YES;
				CLANG_WARN_BOOL_CONVERSION = YES;
				CLANG_WARN_COMMA = YES;
				CLANG_WARN_CONSTANT_CONVERSION = YES;
				CLANG_WARN_DEPRECATED_OBJC_IMPLEMENTATIONS = YES;
				CLANG_WARN_DIRECT_OBJC_ISA_USAGE = YES_ERROR;
				CLANG_WARN_DOCUMENTATION_COMMENTS = YES;
				CLANG_WARN_EMPTY_BODY = YES;
				CLANG_WARN_ENUM_CONVERSION = YES;
				CLANG_WARN_INFINITE_RECURSION = YES;
				CLANG_WARN_INT_CONVERSION = YES;
				CLANG_WARN_NON_LITERAL_NULL_CONVERSION = YES;
				CLANG_WARN_OBJC_IMPLICIT_RETAIN_SELF = YES;
				CLANG_WARN_OBJC_LITERAL_CONVERSION = YES;
				CLANG_WARN_OBJC_ROOT_CLASS = YES_ERROR;
				CLANG_WARN_QUOTED_INCLUDE_IN_FRAMEWORK_HEADER = YES;
				CLANG_WARN_RANGE_LOOP_ANALYSIS = YES;
				CLANG_WARN_STRICT_PROTOTYPES = YES;
				CLANG_WARN_SUSPICIOUS_MOVE = YES;
				CLANG_WARN_UNGUARDED_AVAILABILITY = YES_AGGRESSIVE;
				CLANG_WARN_UNREACHABLE_CODE = YES;
				CLANG_WARN__DUPLICATE_METHOD_MATCH = YES;
				COPY_PHASE_STRIP = NO;
				DEBUG_INFORMATION_FORMAT = dwarf;
				ENABLE_STRICT_OBJC_MSGSEND = YES;
				ENABLE_TESTABILITY = YES;
				GCC_C_LANGUAGE_STANDARD = gnu11;
				GCC_DYNAMIC_NO_PIC = NO;
				GCC_NO_COMMON_BLOCKS = YES;
				GCC_OPTIMIZATION_LEVEL = 0;
				GCC_PREPROCESSOR_DEFINITIONS = (
					"DEBUG=1",
					"$(inherited)",
				);
				GCC_WARN_64_TO_32_BIT_CONVERSION = YES;
				GCC_WARN_ABOUT_RETURN_TYPE = YES_ERROR;
				GCC_WARN_UNDECLARED_SELECTOR = YES;
				GCC_WARN_UNINITIALIZED_AUTOS = YES_AGGRESSIVE;
				GCC_WARN_UNUSED_FUNCTION = YES;
				GCC_WARN_UNUSED_VARIABLE = YES;
				IPHONEOS_DEPLOYMENT_TARGET = 14.0;
				MTL_ENABLE_DEBUG_INFO = INCLUDE_SOURCE;
				MTL_FAST_MATH = YES;
				ONLY_ACTIVE_ARCH = YES;
				SDKROOT = iphoneos;
				SWIFT_ACTIVE_COMPILATION_CONDITIONS = DEBUG;
				SWIFT_OPTIMIZATION_LEVEL = "-Onone";
			};
			name = Debug;
		};
		F8A81EB9251922E7006C8511 /* Release */ = {
			isa = XCBuildConfiguration;
			buildSettings = {
				ALWAYS_SEARCH_USER_PATHS = NO;
				CLANG_ANALYZER_NONNULL = YES;
				CLANG_ANALYZER_NUMBER_OBJECT_CONVERSION = YES_AGGRESSIVE;
				CLANG_CXX_LANGUAGE_STANDARD = "gnu++14";
				CLANG_CXX_LIBRARY = "libc++";
				CLANG_ENABLE_MODULES = YES;
				CLANG_ENABLE_OBJC_ARC = YES;
				CLANG_ENABLE_OBJC_WEAK = YES;
				CLANG_WARN_BLOCK_CAPTURE_AUTORELEASING = YES;
				CLANG_WARN_BOOL_CONVERSION = YES;
				CLANG_WARN_COMMA = YES;
				CLANG_WARN_CONSTANT_CONVERSION = YES;
				CLANG_WARN_DEPRECATED_OBJC_IMPLEMENTATIONS = YES;
				CLANG_WARN_DIRECT_OBJC_ISA_USAGE = YES_ERROR;
				CLANG_WARN_DOCUMENTATION_COMMENTS = YES;
				CLANG_WARN_EMPTY_BODY = YES;
				CLANG_WARN_ENUM_CONVERSION = YES;
				CLANG_WARN_INFINITE_RECURSION = YES;
				CLANG_WARN_INT_CONVERSION = YES;
				CLANG_WARN_NON_LITERAL_NULL_CONVERSION = YES;
				CLANG_WARN_OBJC_IMPLICIT_RETAIN_SELF = YES;
				CLANG_WARN_OBJC_LITERAL_CONVERSION = YES;
				CLANG_WARN_OBJC_ROOT_CLASS = YES_ERROR;
				CLANG_WARN_QUOTED_INCLUDE_IN_FRAMEWORK_HEADER = YES;
				CLANG_WARN_RANGE_LOOP_ANALYSIS = YES;
				CLANG_WARN_STRICT_PROTOTYPES = YES;
				CLANG_WARN_SUSPICIOUS_MOVE = YES;
				CLANG_WARN_UNGUARDED_AVAILABILITY = YES_AGGRESSIVE;
				CLANG_WARN_UNREACHABLE_CODE = YES;
				CLANG_WARN__DUPLICATE_METHOD_MATCH = YES;
				COPY_PHASE_STRIP = NO;
				DEBUG_INFORMATION_FORMAT = "dwarf-with-dsym";
				ENABLE_NS_ASSERTIONS = NO;
				ENABLE_STRICT_OBJC_MSGSEND = YES;
				GCC_C_LANGUAGE_STANDARD = gnu11;
				GCC_NO_COMMON_BLOCKS = YES;
				GCC_WARN_64_TO_32_BIT_CONVERSION = YES;
				GCC_WARN_ABOUT_RETURN_TYPE = YES_ERROR;
				GCC_WARN_UNDECLARED_SELECTOR = YES;
				GCC_WARN_UNINITIALIZED_AUTOS = YES_AGGRESSIVE;
				GCC_WARN_UNUSED_FUNCTION = YES;
				GCC_WARN_UNUSED_VARIABLE = YES;
				IPHONEOS_DEPLOYMENT_TARGET = 14.0;
				MTL_ENABLE_DEBUG_INFO = NO;
				MTL_FAST_MATH = YES;
				SDKROOT = iphoneos;
				SWIFT_COMPILATION_MODE = wholemodule;
				SWIFT_OPTIMIZATION_LEVEL = "-O";
				VALIDATE_PRODUCT = YES;
			};
			name = Release;
		};
		F8A81EBB251922E7006C8511 /* Debug */ = {
			isa = XCBuildConfiguration;
			buildSettings = {
				ASSETCATALOG_COMPILER_APPICON_NAME = AppIcon;
				ASSETCATALOG_COMPILER_GLOBAL_ACCENT_COLOR_NAME = AccentColor;
				CODE_SIGN_STYLE = Automatic;
				INFOPLIST_FILE = RxSwiftMVVMLoginValidator/Info.plist;
				LD_RUNPATH_SEARCH_PATHS = (
					"$(inherited)",
					"@executable_path/Frameworks",
				);
				PRODUCT_BUNDLE_IDENTIFIER = com.raul.RxSwiftMVVMLoginValidator;
				PRODUCT_NAME = "$(TARGET_NAME)";
				SWIFT_VERSION = 5.0;
				TARGETED_DEVICE_FAMILY = "1,2";
			};
			name = Debug;
		};
		F8A81EBC251922E7006C8511 /* Release */ = {
			isa = XCBuildConfiguration;
			buildSettings = {
				ASSETCATALOG_COMPILER_APPICON_NAME = AppIcon;
				ASSETCATALOG_COMPILER_GLOBAL_ACCENT_COLOR_NAME = AccentColor;
				CODE_SIGN_STYLE = Automatic;
				INFOPLIST_FILE = RxSwiftMVVMLoginValidator/Info.plist;
				LD_RUNPATH_SEARCH_PATHS = (
					"$(inherited)",
					"@executable_path/Frameworks",
				);
				PRODUCT_BUNDLE_IDENTIFIER = com.raul.RxSwiftMVVMLoginValidator;
				PRODUCT_NAME = "$(TARGET_NAME)";
				SWIFT_VERSION = 5.0;
				TARGETED_DEVICE_FAMILY = "1,2";
			};
			name = Release;
		};
/* End XCBuildConfiguration section */

/* Begin XCConfigurationList section */
		F8A81EA1251922E5006C8511 /* Build configuration list for PBXProject "RxSwiftMVVMLoginValidator" */ = {
			isa = XCConfigurationList;
			buildConfigurations = (
				F8A81EB8251922E7006C8511 /* Debug */,
				F8A81EB9251922E7006C8511 /* Release */,
			);
			defaultConfigurationIsVisible = 0;
			defaultConfigurationName = Release;
		};
		F8A81EBA251922E7006C8511 /* Build configuration list for PBXNativeTarget "RxSwiftMVVMLoginValidator" */ = {
			isa = XCConfigurationList;
			buildConfigurations = (
				F8A81EBB251922E7006C8511 /* Debug */,
				F8A81EBC251922E7006C8511 /* Release */,
			);
			defaultConfigurationIsVisible = 0;
			defaultConfigurationName = Release;
		};
/* End XCConfigurationList section */
	};
	rootObject = F8A81E9E251922E5006C8511 /* Project object */;
}
